
Microsoft Visual Studio Solution File, Format Version 12.00
# Visual Studio Version 17
VisualStudioVersion = 17.4.33103.184
MinimumVisualStudioVersion = 10.0.40219.1
Project("{FAE04EC0-301F-11D3-BF4B-00C04F79EFBC}") = "CabInvoiceGenerator", "CabInvoiceGenerator\CabInvoiceGenerator.csproj", "{A28C04B4-518D-4E4F-A79F-7FEDF6C7EFBC}"
EndProject
Project("{FAE04EC0-301F-11D3-BF4B-00C04F79EFBC}") = "CabInvoiceGeneratorTest", "CabInvoiceGeneratorTest\CabInvoiceGeneratorTest.csproj", "{4AAA22D6-D0E4-4075-94E7-674FFBD4024E}"
EndProject
Global
	GlobalSection(SolutionConfigurationPlatforms) = preSolution
		Debug|Any CPU = Debug|Any CPU
		Release|Any CPU = Release|Any CPU
	EndGlobalSection
	GlobalSection(ProjectConfigurationPlatforms) = postSolution
		{A28C04B4-518D-4E4F-A79F-7FEDF6C7EFBC}.Debug|Any CPU.ActiveCfg = Debug|Any CPU
		{A28C04B4-518D-4E4F-A79F-7FEDF6C7EFBC}.Debug|Any CPU.Build.0 = Debug|Any CPU
		{A28C04B4-518D-4E4F-A79F-7FEDF6C7EFBC}.Release|Any CPU.ActiveCfg = Release|Any CPU
		{A28C04B4-518D-4E4F-A79F-7FEDF6C7EFBC}.Release|Any CPU.Build.0 = Release|Any CPU
		{4AAA22D6-D0E4-4075-94E7-674FFBD4024E}.Debug|Any CPU.ActiveCfg = Debug|Any CPU
		{4AAA22D6-D0E4-4075-94E7-674FFBD4024E}.Debug|Any CPU.Build.0 = Debug|Any CPU
		{4AAA22D6-D0E4-4075-94E7-674FFBD4024E}.Release|Any CPU.ActiveCfg = Release|Any CPU
		{4AAA22D6-D0E4-4075-94E7-674FFBD4024E}.Release|Any CPU.Build.0 = Release|Any CPU
	EndGlobalSection
	GlobalSection(SolutionProperties) = preSolution
		HideSolutionNode = FALSE
	EndGlobalSection
	GlobalSection(ExtensibilityGlobals) = postSolution
		SolutionGuid = {368C7E2E-7A1A-4C7E-B601-61DD53871C54}
	EndGlobalSection
EndGlobal
